{
	"name": "@kaoscript/test-import",
	"version": "0.2.0",
	"lockfileVersion": 1,
	"requires": true,
	"dependencies": {
		"@kaoscript/ast": {
			"version": "0.8.0",
			"resolved": "https://registry.npmjs.org/@kaoscript/ast/-/ast-0.8.0.tgz",
			"integrity": "sha512-+XLHP44m1stxhJ3OzlciQBAQZgAP6Tsa8F9f9LQWdrgnd6wx429VeqFHc00vP5/c0PrBD4r6L+4HUEi/4hQV5w=="
		},
		"@kaoscript/util": {
			"version": "0.1.1",
			"resolved": "https://registry.npmjs.org/@kaoscript/util/-/util-0.1.1.tgz",
			"integrity": "sha512-jv1ZdcwpdfRptipaqUcXA1nbAxL/eq8HNmhAA1SSDSk8l6Rz48BRQRiHDNtXmmwklScspAu4Mc3KghVvi6tE1g=="
		}
	}
}
